
Microsoft Visual Studio Solution File, Format Version 12.00
# Visual Studio Version 17
VisualStudioVersion = 17.13.35825.156
MinimumVisualStudioVersion = 10.0.40219.1
Project("{FAE04EC0-301F-11D3-BF4B-00C04F79EFBC}") = "ECI.DogWalking", "1. ECI.Presentation\ECI.DogWalking\ECI.DogWalking.csproj", "{79AF2C97-12C8-4725-BB80-0A1EFA64764C}"
EndProject
Project("{2150E333-8FDC-42A3-9474-1A3956D46DE8}") = "1. ECI.Presentation", "1. ECI.Presentation", "{02EA681E-C7D8-13C7-8484-4AC65E1B71E8}"
EndProject
Project("{2150E333-8FDC-42A3-9474-1A3956D46DE8}") = "2. ECI.Business", "2. ECI.Business", "{05F68F4D-A8E2-4619-8BD2-8537EAD6CF46}"
EndProject
Project("{2150E333-8FDC-42A3-9474-1A3956D46DE8}") = "3. ECI.Data", "3. ECI.Data", "{A52D2B6F-FE0E-436D-91EB-5D108DCA602D}"
EndProject
Project("{2150E333-8FDC-42A3-9474-1A3956D46DE8}") = "4. ECI.Common", "4. ECI.Common", "{5DD5DB98-24D1-45FF-A4FF-1603C3761F80}"
EndProject
Project("{2150E333-8FDC-42A3-9474-1A3956D46DE8}") = "5. ECI.Test", "5. ECI.Test", "{A5728466-1910-4CA7-8E15-1074870C7431}"
EndProject
Project("{FAE04EC0-301F-11D3-BF4B-00C04F79EFBC}") = "ECI.BusinessServices", "2. ECI.Business\ECI.Business\ECI.BusinessServices.csproj", "{1CE552DF-EAA1-4C7A-A4F1-3CA93A016F08}"
EndProject
Project("{FAE04EC0-301F-11D3-BF4B-00C04F79EFBC}") = "ECI.DataRepository", "3. ECI.Data\ECI.Data\ECI.DataRepository.csproj", "{D1CE61B3-8626-43D2-872B-E79B30CA2112}"
EndProject
Project("{FAE04EC0-301F-11D3-BF4B-00C04F79EFBC}") = "ECI.Entities", "4. ECI.Entities\ECI.Entities\ECI.Entities.csproj", "{9BFC58EE-F77D-439F-8A7B-A2AAED739356}"
EndProject
Project("{FAE04EC0-301F-11D3-BF4B-00C04F79EFBC}") = "ECI.DogWalking.Test", "5. ECI.Test\ECI.DogWalking.Test\ECI.DogWalking.Test.csproj", "{7DA6F0A3-2548-4538-BA42-97C14CA0D7CF}"
EndProject
Project("{FAE04EC0-301F-11D3-BF4B-00C04F79EFBC}") = "ECI.BusinessContracts", "2. ECI.Business\ECI.BusinessContracts\ECI.BusinessContracts.csproj", "{9BE46CDD-070F-4E4E-8261-11BC19ADCC40}"
EndProject
Project("{FAE04EC0-301F-11D3-BF4B-00C04F79EFBC}") = "ECI.DataContracts", "3. ECI.Data\ECI.DataContracts\ECI.DataContracts.csproj", "{C46E5DED-8BD5-4520-895D-FCCEAE69BABF}"
EndProject
Project("{FAE04EC0-301F-11D3-BF4B-00C04F79EFBC}") = "ECI.Common.Core", "4. ECI.Entities\ECI.Common.Core\ECI.Common.Core.csproj", "{28C19D4E-6E06-4744-8496-772E5BA57010}"
EndProject
Global
	GlobalSection(SolutionConfigurationPlatforms) = preSolution
		Debug|Any CPU = Debug|Any CPU
		Release|Any CPU = Release|Any CPU
	EndGlobalSection
	GlobalSection(ProjectConfigurationPlatforms) = postSolution
		{79AF2C97-12C8-4725-BB80-0A1EFA64764C}.Debug|Any CPU.ActiveCfg = Debug|Any CPU
		{79AF2C97-12C8-4725-BB80-0A1EFA64764C}.Debug|Any CPU.Build.0 = Debug|Any CPU
		{79AF2C97-12C8-4725-BB80-0A1EFA64764C}.Release|Any CPU.ActiveCfg = Release|Any CPU
		{79AF2C97-12C8-4725-BB80-0A1EFA64764C}.Release|Any CPU.Build.0 = Release|Any CPU
		{1CE552DF-EAA1-4C7A-A4F1-3CA93A016F08}.Debug|Any CPU.ActiveCfg = Debug|Any CPU
		{1CE552DF-EAA1-4C7A-A4F1-3CA93A016F08}.Debug|Any CPU.Build.0 = Debug|Any CPU
		{1CE552DF-EAA1-4C7A-A4F1-3CA93A016F08}.Release|Any CPU.ActiveCfg = Release|Any CPU
		{1CE552DF-EAA1-4C7A-A4F1-3CA93A016F08}.Release|Any CPU.Build.0 = Release|Any CPU
		{D1CE61B3-8626-43D2-872B-E79B30CA2112}.Debug|Any CPU.ActiveCfg = Debug|Any CPU
		{D1CE61B3-8626-43D2-872B-E79B30CA2112}.Debug|Any CPU.Build.0 = Debug|Any CPU
		{D1CE61B3-8626-43D2-872B-E79B30CA2112}.Release|Any CPU.ActiveCfg = Release|Any CPU
		{D1CE61B3-8626-43D2-872B-E79B30CA2112}.Release|Any CPU.Build.0 = Release|Any CPU
		{9BFC58EE-F77D-439F-8A7B-A2AAED739356}.Debug|Any CPU.ActiveCfg = Debug|Any CPU
		{9BFC58EE-F77D-439F-8A7B-A2AAED739356}.Debug|Any CPU.Build.0 = Debug|Any CPU
		{9BFC58EE-F77D-439F-8A7B-A2AAED739356}.Release|Any CPU.ActiveCfg = Release|Any CPU
		{9BFC58EE-F77D-439F-8A7B-A2AAED739356}.Release|Any CPU.Build.0 = Release|Any CPU
		{7DA6F0A3-2548-4538-BA42-97C14CA0D7CF}.Debug|Any CPU.ActiveCfg = Debug|Any CPU
		{7DA6F0A3-2548-4538-BA42-97C14CA0D7CF}.Debug|Any CPU.Build.0 = Debug|Any CPU
		{7DA6F0A3-2548-4538-BA42-97C14CA0D7CF}.Release|Any CPU.ActiveCfg = Release|Any CPU
		{7DA6F0A3-2548-4538-BA42-97C14CA0D7CF}.Release|Any CPU.Build.0 = Release|Any CPU
		{9BE46CDD-070F-4E4E-8261-11BC19ADCC40}.Debug|Any CPU.ActiveCfg = Debug|Any CPU
		{9BE46CDD-070F-4E4E-8261-11BC19ADCC40}.Debug|Any CPU.Build.0 = Debug|Any CPU
		{9BE46CDD-070F-4E4E-8261-11BC19ADCC40}.Release|Any CPU.ActiveCfg = Release|Any CPU
		{9BE46CDD-070F-4E4E-8261-11BC19ADCC40}.Release|Any CPU.Build.0 = Release|Any CPU
		{C46E5DED-8BD5-4520-895D-FCCEAE69BABF}.Debug|Any CPU.ActiveCfg = Debug|Any CPU
		{C46E5DED-8BD5-4520-895D-FCCEAE69BABF}.Debug|Any CPU.Build.0 = Debug|Any CPU
		{C46E5DED-8BD5-4520-895D-FCCEAE69BABF}.Release|Any CPU.ActiveCfg = Release|Any CPU
		{C46E5DED-8BD5-4520-895D-FCCEAE69BABF}.Release|Any CPU.Build.0 = Release|Any CPU
		{28C19D4E-6E06-4744-8496-772E5BA57010}.Debug|Any CPU.ActiveCfg = Debug|Any CPU
		{28C19D4E-6E06-4744-8496-772E5BA57010}.Debug|Any CPU.Build.0 = Debug|Any CPU
		{28C19D4E-6E06-4744-8496-772E5BA57010}.Release|Any CPU.ActiveCfg = Release|Any CPU
		{28C19D4E-6E06-4744-8496-772E5BA57010}.Release|Any CPU.Build.0 = Release|Any CPU
	EndGlobalSection
	GlobalSection(SolutionProperties) = preSolution
		HideSolutionNode = FALSE
	EndGlobalSection
	GlobalSection(NestedProjects) = preSolution
		{79AF2C97-12C8-4725-BB80-0A1EFA64764C} = {02EA681E-C7D8-13C7-8484-4AC65E1B71E8}
		{1CE552DF-EAA1-4C7A-A4F1-3CA93A016F08} = {05F68F4D-A8E2-4619-8BD2-8537EAD6CF46}
		{D1CE61B3-8626-43D2-872B-E79B30CA2112} = {A52D2B6F-FE0E-436D-91EB-5D108DCA602D}
		{9BFC58EE-F77D-439F-8A7B-A2AAED739356} = {5DD5DB98-24D1-45FF-A4FF-1603C3761F80}
		{7DA6F0A3-2548-4538-BA42-97C14CA0D7CF} = {A5728466-1910-4CA7-8E15-1074870C7431}
		{9BE46CDD-070F-4E4E-8261-11BC19ADCC40} = {05F68F4D-A8E2-4619-8BD2-8537EAD6CF46}
		{C46E5DED-8BD5-4520-895D-FCCEAE69BABF} = {A52D2B6F-FE0E-436D-91EB-5D108DCA602D}
		{28C19D4E-6E06-4744-8496-772E5BA57010} = {5DD5DB98-24D1-45FF-A4FF-1603C3761F80}
	EndGlobalSection
	GlobalSection(ExtensibilityGlobals) = postSolution
		SolutionGuid = {1AEDB3FA-7295-48C2-A5E9-BFBF97FA2F64}
	EndGlobalSection
EndGlobal
